// !$*UTF8*$!
{
	archiveVersion = 1;
	classes = {
	};
	objectVersion = 46;
	objects = {

/* Begin PBXBuildFile section */
		3F6DEC201CCD737E00977DEC /* BlogPost.swift in Sources */ = {isa = PBXBuildFile; fileRef = 3F6DEC1F1CCD737E00977DEC /* BlogPost.swift */; };
		3F829E4F1CDCDCA2009623CF /* Wait.swift in Sources */ = {isa = PBXBuildFile; fileRef = 3F829E4E1CDCDCA2009623CF /* Wait.swift */; };
		3F9954A11CBDBC0300BA5FCF /* BlogBDService.swift in Sources */ = {isa = PBXBuildFile; fileRef = 3F9954A01CBDBC0300BA5FCF /* BlogBDService.swift */; };
		3FA745EC1CDBE561004190F5 /* LoadingViewController.swift in Sources */ = {isa = PBXBuildFile; fileRef = 3FA745EB1CDBE561004190F5 /* LoadingViewController.swift */; };
		3FAB73F41CBC4DF3000DD5F5 /* AppDelegate.swift in Sources */ = {isa = PBXBuildFile; fileRef = 3FAB73F31CBC4DF3000DD5F5 /* AppDelegate.swift */; };
		3FAB73F61CBC4DF3000DD5F5 /* MasterViewController.swift in Sources */ = {isa = PBXBuildFile; fileRef = 3FAB73F51CBC4DF3000DD5F5 /* MasterViewController.swift */; };
		3FAB73F81CBC4DF3000DD5F5 /* WebViewController.swift in Sources */ = {isa = PBXBuildFile; fileRef = 3FAB73F71CBC4DF3000DD5F5 /* WebViewController.swift */; };
		3FAB73FB1CBC4DF3000DD5F5 /* Main.storyboard in Resources */ = {isa = PBXBuildFile; fileRef = 3FAB73F91CBC4DF3000DD5F5 /* Main.storyboard */; };
		3FAB73FD1CBC4DF3000DD5F5 /* Assets.xcassets in Resources */ = {isa = PBXBuildFile; fileRef = 3FAB73FC1CBC4DF3000DD5F5 /* Assets.xcassets */; };
		3FAB74001CBC4DF3000DD5F5 /* LaunchScreen.storyboard in Resources */ = {isa = PBXBuildFile; fileRef = 3FAB73FE1CBC4DF3000DD5F5 /* LaunchScreen.storyboard */; };
		3FAB740B1CBC4DF3000DD5F5 /* BDVoreTests.swift in Sources */ = {isa = PBXBuildFile; fileRef = 3FAB740A1CBC4DF3000DD5F5 /* BDVoreTests.swift */; };
		3FAB74161CBC4DF3000DD5F5 /* BDVoreUITests.swift in Sources */ = {isa = PBXBuildFile; fileRef = 3FAB74151CBC4DF3000DD5F5 /* BDVoreUITests.swift */; };
		3FAB74241CBC833D000DD5F5 /* NetworkOperation.swift in Sources */ = {isa = PBXBuildFile; fileRef = 3FAB74231CBC833D000DD5F5 /* NetworkOperation.swift */; };
		3FB040491CD15741009EA4DF /* Default-568h@2x.png in Resources */ = {isa = PBXBuildFile; fileRef = 3FB040481CD15741009EA4DF /* Default-568h@2x.png */; };
		3FB0404D1CD169E8009EA4DF /* SWXMLHash.swift in Sources */ = {isa = PBXBuildFile; fileRef = 3FB0404C1CD169E8009EA4DF /* SWXMLHash.swift */; };
		3FEA645B1CCED3230059A182 /* Date.swift in Sources */ = {isa = PBXBuildFile; fileRef = 3FEA645A1CCED3230059A182 /* Date.swift */; };
/* End PBXBuildFile section */

/* Begin PBXContainerItemProxy section */
		3FAB74071CBC4DF3000DD5F5 /* PBXContainerItemProxy */ = {
			isa = PBXContainerItemProxy;
			containerPortal = 3FAB73E81CBC4DF3000DD5F5 /* Project object */;
			proxyType = 1;
			remoteGlobalIDString = 3FAB73EF1CBC4DF3000DD5F5;
			remoteInfo = BlogReader;
		};
		3FAB74121CBC4DF3000DD5F5 /* PBXContainerItemProxy */ = {
			isa = PBXContainerItemProxy;
			containerPortal = 3FAB73E81CBC4DF3000DD5F5 /* Project object */;
			proxyType = 1;
			remoteGlobalIDString = 3FAB73EF1CBC4DF3000DD5F5;
			remoteInfo = BlogReader;
		};
/* End PBXContainerItemProxy section */

/* Begin PBXFileReference section */
		3F6DEC1F1CCD737E00977DEC /* BlogPost.swift */ = {isa = PBXFileReference; fileEncoding = 4; lastKnownFileType = sourcecode.swift; path = BlogPost.swift; sourceTree = "<group>"; };
		3F829E4E1CDCDCA2009623CF /* Wait.swift */ = {isa = PBXFileReference; fileEncoding = 4; lastKnownFileType = sourcecode.swift; path = Wait.swift; sourceTree = "<group>"; };
		3F9954A01CBDBC0300BA5FCF /* BlogBDService.swift */ = {isa = PBXFileReference; fileEncoding = 4; lastKnownFileType = sourcecode.swift; path = BlogBDService.swift; sourceTree = "<group>"; };
		3FA745EB1CDBE561004190F5 /* LoadingViewController.swift */ = {isa = PBXFileReference; fileEncoding = 4; lastKnownFileType = sourcecode.swift; path = LoadingViewController.swift; sourceTree = "<group>"; };
		3FAB73F01CBC4DF3000DD5F5 /* BDVore.app */ = {isa = PBXFileReference; explicitFileType = wrapper.application; includeInIndex = 0; path = BDVore.app; sourceTree = BUILT_PRODUCTS_DIR; };
		3FAB73F31CBC4DF3000DD5F5 /* AppDelegate.swift */ = {isa = PBXFileReference; lastKnownFileType = sourcecode.swift; path = AppDelegate.swift; sourceTree = "<group>"; };
		3FAB73F51CBC4DF3000DD5F5 /* MasterViewController.swift */ = {isa = PBXFileReference; lastKnownFileType = sourcecode.swift; path = MasterViewController.swift; sourceTree = "<group>"; };
		3FAB73F71CBC4DF3000DD5F5 /* WebViewController.swift */ = {isa = PBXFileReference; lastKnownFileType = sourcecode.swift; path = WebViewController.swift; sourceTree = "<group>"; };
		3FAB73FA1CBC4DF3000DD5F5 /* Base */ = {isa = PBXFileReference; lastKnownFileType = file.storyboard; name = Base; path = Base.lproj/Main.storyboard; sourceTree = "<group>"; };
		3FAB73FC1CBC4DF3000DD5F5 /* Assets.xcassets */ = {isa = PBXFileReference; lastKnownFileType = folder.assetcatalog; path = Assets.xcassets; sourceTree = "<group>"; };
		3FAB73FF1CBC4DF3000DD5F5 /* Base */ = {isa = PBXFileReference; lastKnownFileType = file.storyboard; name = Base; path = Base.lproj/LaunchScreen.storyboard; sourceTree = "<group>"; };
		3FAB74011CBC4DF3000DD5F5 /* Info.plist */ = {isa = PBXFileReference; lastKnownFileType = text.plist.xml; path = Info.plist; sourceTree = "<group>"; };
		3FAB74061CBC4DF3000DD5F5 /* BDVore.xctest */ = {isa = PBXFileReference; explicitFileType = wrapper.cfbundle; includeInIndex = 0; path = BDVore.xctest; sourceTree = BUILT_PRODUCTS_DIR; };
		3FAB740A1CBC4DF3000DD5F5 /* BDVoreTests.swift */ = {isa = PBXFileReference; lastKnownFileType = sourcecode.swift; path = BDVoreTests.swift; sourceTree = "<group>"; };
		3FAB740C1CBC4DF3000DD5F5 /* Info.plist */ = {isa = PBXFileReference; lastKnownFileType = text.plist.xml; path = Info.plist; sourceTree = "<group>"; };
		3FAB74111CBC4DF3000DD5F5 /* BDVore.xctest */ = {isa = PBXFileReference; explicitFileType = wrapper.cfbundle; includeInIndex = 0; path = BDVore.xctest; sourceTree = BUILT_PRODUCTS_DIR; };
		3FAB74151CBC4DF3000DD5F5 /* BDVoreUITests.swift */ = {isa = PBXFileReference; lastKnownFileType = sourcecode.swift; path = BDVoreUITests.swift; sourceTree = "<group>"; };
		3FAB74171CBC4DF3000DD5F5 /* Info.plist */ = {isa = PBXFileReference; lastKnownFileType = text.plist.xml; path = Info.plist; sourceTree = "<group>"; };
		3FAB74231CBC833D000DD5F5 /* NetworkOperation.swift */ = {isa = PBXFileReference; fileEncoding = 4; lastKnownFileType = sourcecode.swift; path = NetworkOperation.swift; sourceTree = "<group>"; };
		3FB040481CD15741009EA4DF /* Default-568h@2x.png */ = {isa = PBXFileReference; lastKnownFileType = image.png; path = "Default-568h@2x.png"; sourceTree = "<group>"; };
		3FB0404C1CD169E8009EA4DF /* SWXMLHash.swift */ = {isa = PBXFileReference; fileEncoding = 4; lastKnownFileType = sourcecode.swift; path = SWXMLHash.swift; sourceTree = "<group>"; };
		3FEA645A1CCED3230059A182 /* Date.swift */ = {isa = PBXFileReference; fileEncoding = 4; lastKnownFileType = sourcecode.swift; path = Date.swift; sourceTree = "<group>"; };
/* End PBXFileReference section */

/* Begin PBXFrameworksBuildPhase section */
		3FAB73ED1CBC4DF3000DD5F5 /* Frameworks */ = {
			isa = PBXFrameworksBuildPhase;
			buildActionMask = 2147483647;
			files = (
			);
			runOnlyForDeploymentPostprocessing = 0;
		};
		3FAB74031CBC4DF3000DD5F5 /* Frameworks */ = {
			isa = PBXFrameworksBuildPhase;
			buildActionMask = 2147483647;
			files = (
			);
			runOnlyForDeploymentPostprocessing = 0;
		};
		3FAB740E1CBC4DF3000DD5F5 /* Frameworks */ = {
			isa = PBXFrameworksBuildPhase;
			buildActionMask = 2147483647;
			files = (
			);
			runOnlyForDeploymentPostprocessing = 0;
		};
/* End PBXFrameworksBuildPhase section */

/* Begin PBXGroup section */
		3FAB73E71CBC4DF3000DD5F5 = {
			isa = PBXGroup;
			children = (
				3FB040481CD15741009EA4DF /* Default-568h@2x.png */,
				3FAB73F21CBC4DF3000DD5F5 /* BDVore */,
				3FAB74091CBC4DF3000DD5F5 /* BDVoreTests */,
				3FAB74141CBC4DF3000DD5F5 /* BDVoreUITests */,
				3FAB73F11CBC4DF3000DD5F5 /* Products */,
			);
			sourceTree = "<group>";
		};
		3FAB73F11CBC4DF3000DD5F5 /* Products */ = {
			isa = PBXGroup;
			children = (
				3FAB73F01CBC4DF3000DD5F5 /* BDVore.app */,
				3FAB74061CBC4DF3000DD5F5 /* BDVore.xctest */,
				3FAB74111CBC4DF3000DD5F5 /* BDVore.xctest */,
			);
			name = Products;
			sourceTree = "<group>";
		};
		3FAB73F21CBC4DF3000DD5F5 /* BDVore */ = {
			isa = PBXGroup;
			children = (
				3FAB73F31CBC4DF3000DD5F5 /* AppDelegate.swift */,
				3FA745EB1CDBE561004190F5 /* LoadingViewController.swift */,
				3FAB73F51CBC4DF3000DD5F5 /* MasterViewController.swift */,
				3FAB73F71CBC4DF3000DD5F5 /* WebViewController.swift */,
				3FEA645A1CCED3230059A182 /* Date.swift */,
				3FAB73F91CBC4DF3000DD5F5 /* Main.storyboard */,
				3FAB73FC1CBC4DF3000DD5F5 /* Assets.xcassets */,
				3FAB73FE1CBC4DF3000DD5F5 /* LaunchScreen.storyboard */,
				3FAB74011CBC4DF3000DD5F5 /* Info.plist */,
				3FAB74231CBC833D000DD5F5 /* NetworkOperation.swift */,
				3F9954A01CBDBC0300BA5FCF /* BlogBDService.swift */,
				3F6DEC1F1CCD737E00977DEC /* BlogPost.swift */,
				3FB0404C1CD169E8009EA4DF /* SWXMLHash.swift */,
				3F829E4E1CDCDCA2009623CF /* Wait.swift */,
			);
			path = BDVore;
			sourceTree = "<group>";
		};
		3FAB74091CBC4DF3000DD5F5 /* BDVoreTests */ = {
			isa = PBXGroup;
			children = (
				3FAB740A1CBC4DF3000DD5F5 /* BDVoreTests.swift */,
				3FAB740C1CBC4DF3000DD5F5 /* Info.plist */,
			);
			path = BDVoreTests;
			sourceTree = "<group>";
		};
		3FAB74141CBC4DF3000DD5F5 /* BDVoreUITests */ = {
			isa = PBXGroup;
			children = (
				3FAB74151CBC4DF3000DD5F5 /* BDVoreUITests.swift */,
				3FAB74171CBC4DF3000DD5F5 /* Info.plist */,
			);
			path = BDVoreUITests;
			sourceTree = "<group>";
		};
/* End PBXGroup section */

/* Begin PBXNativeTarget section */
		3FAB73EF1CBC4DF3000DD5F5 /* BDVore */ = {
			isa = PBXNativeTarget;
			buildConfigurationList = 3FAB741A1CBC4DF3000DD5F5 /* Build configuration list for PBXNativeTarget "BDVore" */;
			buildPhases = (
				3FAB73EC1CBC4DF3000DD5F5 /* Sources */,
				3FAB73ED1CBC4DF3000DD5F5 /* Frameworks */,
				3FAB73EE1CBC4DF3000DD5F5 /* Resources */,
			);
			buildRules = (
			);
			dependencies = (
			);
			name = BDVore;
			productName = BlogReader;
			productReference = 3FAB73F01CBC4DF3000DD5F5 /* BDVore.app */;
			productType = "com.apple.product-type.application";
		};
		3FAB74051CBC4DF3000DD5F5 /* BDVoreTests */ = {
			isa = PBXNativeTarget;
			buildConfigurationList = 3FAB741D1CBC4DF3000DD5F5 /* Build configuration list for PBXNativeTarget "BDVoreTests" */;
			buildPhases = (
				3FAB74021CBC4DF3000DD5F5 /* Sources */,
				3FAB74031CBC4DF3000DD5F5 /* Frameworks */,
				3FAB74041CBC4DF3000DD5F5 /* Resources */,
			);
			buildRules = (
			);
			dependencies = (
				3FAB74081CBC4DF3000DD5F5 /* PBXTargetDependency */,
			);
			name = BDVoreTests;
			productName = BlogReaderTests;
			productReference = 3FAB74061CBC4DF3000DD5F5 /* BDVore.xctest */;
			productType = "com.apple.product-type.bundle.unit-test";
		};
		3FAB74101CBC4DF3000DD5F5 /* BDVoreUITests */ = {
			isa = PBXNativeTarget;
			buildConfigurationList = 3FAB74201CBC4DF3000DD5F5 /* Build configuration list for PBXNativeTarget "BDVoreUITests" */;
			buildPhases = (
				3FAB740D1CBC4DF3000DD5F5 /* Sources */,
				3FAB740E1CBC4DF3000DD5F5 /* Frameworks */,
				3FAB740F1CBC4DF3000DD5F5 /* Resources */,
			);
			buildRules = (
			);
			dependencies = (
				3FAB74131CBC4DF3000DD5F5 /* PBXTargetDependency */,
			);
			name = BDVoreUITests;
			productName = BlogReaderUITests;
			productReference = 3FAB74111CBC4DF3000DD5F5 /* BDVore.xctest */;
			productType = "com.apple.product-type.bundle.ui-testing";
		};
/* End PBXNativeTarget section */

/* Begin PBXProject section */
		3FAB73E81CBC4DF3000DD5F5 /* Project object */ = {
			isa = PBXProject;
			attributes = {
				LastSwiftUpdateCheck = 0730;
				LastUpgradeCheck = 0730;
				ORGANIZATIONNAME = "Julien Frisch";
				TargetAttributes = {
					3FAB73EF1CBC4DF3000DD5F5 = {
						CreatedOnToolsVersion = 7.3;
						DevelopmentTeam = 87462R4ARA;
					};
					3FAB74051CBC4DF3000DD5F5 = {
						CreatedOnToolsVersion = 7.3;
						TestTargetID = 3FAB73EF1CBC4DF3000DD5F5;
					};
					3FAB74101CBC4DF3000DD5F5 = {
						CreatedOnToolsVersion = 7.3;
						TestTargetID = 3FAB73EF1CBC4DF3000DD5F5;
					};
				};
			};
			buildConfigurationList = 3FAB73EB1CBC4DF3000DD5F5 /* Build configuration list for PBXProject "BDVore" */;
			compatibilityVersion = "Xcode 3.2";
			developmentRegion = English;
			hasScannedForEncodings = 0;
			knownRegions = (
				en,
				Base,
			);
			mainGroup = 3FAB73E71CBC4DF3000DD5F5;
			productRefGroup = 3FAB73F11CBC4DF3000DD5F5 /* Products */;
			projectDirPath = "";
			projectRoot = "";
			targets = (
				3FAB73EF1CBC4DF3000DD5F5 /* BDVore */,
				3FAB74051CBC4DF3000DD5F5 /* BDVoreTests */,
				3FAB74101CBC4DF3000DD5F5 /* BDVoreUITests */,
			);
		};
/* End PBXProject section */

/* Begin PBXResourcesBuildPhase section */
		3FAB73EE1CBC4DF3000DD5F5 /* Resources */ = {
			isa = PBXResourcesBuildPhase;
			buildActionMask = 2147483647;
			files = (
				3FAB74001CBC4DF3000DD5F5 /* LaunchScreen.storyboard in Resources */,
				3FB040491CD15741009EA4DF /* Default-568h@2x.png in Resources */,
				3FAB73FD1CBC4DF3000DD5F5 /* Assets.xcassets in Resources */,
				3FAB73FB1CBC4DF3000DD5F5 /* Main.storyboard in Resources */,
			);
			runOnlyForDeploymentPostprocessing = 0;
		};
		3FAB74041CBC4DF3000DD5F5 /* Resources */ = {
			isa = PBXResourcesBuildPhase;
			buildActionMask = 2147483647;
			files = (
			);
			runOnlyForDeploymentPostprocessing = 0;
		};
		3FAB740F1CBC4DF3000DD5F5 /* Resources */ = {
			isa = PBXResourcesBuildPhase;
			buildActionMask = 2147483647;
			files = (
			);
			runOnlyForDeploymentPostprocessing = 0;
		};
/* End PBXResourcesBuildPhase section */

/* Begin PBXSourcesBuildPhase section */
		3FAB73EC1CBC4DF3000DD5F5 /* Sources */ = {
			isa = PBXSourcesBuildPhase;
			buildActionMask = 2147483647;
			files = (
				3FAB74241CBC833D000DD5F5 /* NetworkOperation.swift in Sources */,
				3FB0404D1CD169E8009EA4DF /* SWXMLHash.swift in Sources */,
				3F829E4F1CDCDCA2009623CF /* Wait.swift in Sources */,
				3FAB73F81CBC4DF3000DD5F5 /* WebViewController.swift in Sources */,
				3FEA645B1CCED3230059A182 /* Date.swift in Sources */,
				3FAB73F61CBC4DF3000DD5F5 /* MasterViewController.swift in Sources */,
				3FA745EC1CDBE561004190F5 /* LoadingViewController.swift in Sources */,
				3F6DEC201CCD737E00977DEC /* BlogPost.swift in Sources */,
				3F9954A11CBDBC0300BA5FCF /* BlogBDService.swift in Sources */,
				3FAB73F41CBC4DF3000DD5F5 /* AppDelegate.swift in Sources */,
			);
			runOnlyForDeploymentPostprocessing = 0;
		};
		3FAB74021CBC4DF3000DD5F5 /* Sources */ = {
			isa = PBXSourcesBuildPhase;
			buildActionMask = 2147483647;
			files = (
				3FAB740B1CBC4DF3000DD5F5 /* BDVoreTests.swift in Sources */,
			);
			runOnlyForDeploymentPostprocessing = 0;
		};
		3FAB740D1CBC4DF3000DD5F5 /* Sources */ = {
			isa = PBXSourcesBuildPhase;
			buildActionMask = 2147483647;
			files = (
				3FAB74161CBC4DF3000DD5F5 /* BDVoreUITests.swift in Sources */,
			);
			runOnlyForDeploymentPostprocessing = 0;
		};
/* End PBXSourcesBuildPhase section */

/* Begin PBXTargetDependency section */
		3FAB74081CBC4DF3000DD5F5 /* PBXTargetDependency */ = {
			isa = PBXTargetDependency;
			target = 3FAB73EF1CBC4DF3000DD5F5 /* BDVore */;
			targetProxy = 3FAB74071CBC4DF3000DD5F5 /* PBXContainerItemProxy */;
		};
		3FAB74131CBC4DF3000DD5F5 /* PBXTargetDependency */ = {
			isa = PBXTargetDependency;
			target = 3FAB73EF1CBC4DF3000DD5F5 /* BDVore */;
			targetProxy = 3FAB74121CBC4DF3000DD5F5 /* PBXContainerItemProxy */;
		};
/* End PBXTargetDependency section */

/* Begin PBXVariantGroup section */
		3FAB73F91CBC4DF3000DD5F5 /* Main.storyboard */ = {
			isa = PBXVariantGroup;
			children = (
				3FAB73FA1CBC4DF3000DD5F5 /* Base */,
			);
			name = Main.storyboard;
			sourceTree = "<group>";
		};
		3FAB73FE1CBC4DF3000DD5F5 /* LaunchScreen.storyboard */ = {
			isa = PBXVariantGroup;
			children = (
				3FAB73FF1CBC4DF3000DD5F5 /* Base */,
			);
			name = LaunchScreen.storyboard;
			sourceTree = "<group>";
		};
/* End PBXVariantGroup section */

/* Begin XCBuildConfiguration section */
		3FAB74181CBC4DF3000DD5F5 /* Debug */ = {
			isa = XCBuildConfiguration;
			buildSettings = {
				ALWAYS_SEARCH_USER_PATHS = NO;
				CLANG_ANALYZER_NONNULL = YES;
				CLANG_CXX_LANGUAGE_STANDARD = "gnu++0x";
				CLANG_CXX_LIBRARY = "libc++";
				CLANG_ENABLE_MODULES = YES;
				CLANG_ENABLE_OBJC_ARC = YES;
				CLANG_WARN_BOOL_CONVERSION = YES;
				CLANG_WARN_CONSTANT_CONVERSION = YES;
				CLANG_WARN_DIRECT_OBJC_ISA_USAGE = YES_ERROR;
				CLANG_WARN_EMPTY_BODY = YES;
				CLANG_WARN_ENUM_CONVERSION = YES;
				CLANG_WARN_INT_CONVERSION = YES;
				CLANG_WARN_OBJC_ROOT_CLASS = YES_ERROR;
				CLANG_WARN_UNREACHABLE_CODE = YES;
				CLANG_WARN__DUPLICATE_METHOD_MATCH = YES;
				"CODE_SIGN_IDENTITY[sdk=iphoneos*]" = "iPhone Developer";
				COPY_PHASE_STRIP = NO;
				DEBUG_INFORMATION_FORMAT = dwarf;
				ENABLE_STRICT_OBJC_MSGSEND = YES;
				ENABLE_TESTABILITY = YES;
				GCC_C_LANGUAGE_STANDARD = gnu99;
				GCC_DYNAMIC_NO_PIC = NO;
				GCC_NO_COMMON_BLOCKS = YES;
				GCC_OPTIMIZATION_LEVEL = 0;
				GCC_PREPROCESSOR_DEFINITIONS = (
					"DEBUG=1",
					"$(inherited)",
				);
				GCC_WARN_64_TO_32_BIT_CONVERSION = YES;
				GCC_WARN_ABOUT_RETURN_TYPE = YES_ERROR;
				GCC_WARN_UNDECLARED_SELECTOR = YES;
				GCC_WARN_UNINITIALIZED_AUTOS = YES_AGGRESSIVE;
				GCC_WARN_UNUSED_FUNCTION = YES;
				GCC_WARN_UNUSED_VARIABLE = YES;
				IPHONEOS_DEPLOYMENT_TARGET = 9.3;
				MTL_ENABLE_DEBUG_INFO = YES;
				ONLY_ACTIVE_ARCH = YES;
				SDKROOT = iphoneos;
				SWIFT_OPTIMIZATION_LEVEL = "-Onone";
				TARGETED_DEVICE_FAMILY = "1,2";
			};
			name = Debug;
		};
		3FAB74191CBC4DF3000DD5F5 /* Release */ = {
			isa = XCBuildConfiguration;
			buildSettings = {
				ALWAYS_SEARCH_USER_PATHS = NO;
				CLANG_ANALYZER_NONNULL = YES;
				CLANG_CXX_LANGUAGE_STANDARD = "gnu++0x";
				CLANG_CXX_LIBRARY = "libc++";
				CLANG_ENABLE_MODULES = YES;
				CLANG_ENABLE_OBJC_ARC = YES;
				CLANG_WARN_BOOL_CONVERSION = YES;
				CLANG_WARN_CONSTANT_CONVERSION = YES;
				CLANG_WARN_DIRECT_OBJC_ISA_USAGE = YES_ERROR;
				CLANG_WARN_EMPTY_BODY = YES;
				CLANG_WARN_ENUM_CONVERSION = YES;
				CLANG_WARN_INT_CONVERSION = YES;
				CLANG_WARN_OBJC_ROOT_CLASS = YES_ERROR;
				CLANG_WARN_UNREACHABLE_CODE = YES;
				CLANG_WARN__DUPLICATE_METHOD_MATCH = YES;
				"CODE_SIGN_IDENTITY[sdk=iphoneos*]" = "iPhone Developer";
				COPY_PHASE_STRIP = NO;
				DEBUG_INFORMATION_FORMAT = "dwarf-with-dsym";
				ENABLE_NS_ASSERTIONS = NO;
				ENABLE_STRICT_OBJC_MSGSEND = YES;
				GCC_C_LANGUAGE_STANDARD = gnu99;
				GCC_NO_COMMON_BLOCKS = YES;
				GCC_WARN_64_TO_32_BIT_CONVERSION = YES;
				GCC_WARN_ABOUT_RETURN_TYPE = YES_ERROR;
				GCC_WARN_UNDECLARED_SELECTOR = YES;
				GCC_WARN_UNINITIALIZED_AUTOS = YES_AGGRESSIVE;
				GCC_WARN_UNUSED_FUNCTION = YES;
				GCC_WARN_UNUSED_VARIABLE = YES;
				IPHONEOS_DEPLOYMENT_TARGET = 9.3;
				MTL_ENABLE_DEBUG_INFO = NO;
				SDKROOT = iphoneos;
				TARGETED_DEVICE_FAMILY = "1,2";
				VALIDATE_PRODUCT = YES;
			};
			name = Release;
		};
		3FAB741B1CBC4DF3000DD5F5 /* Debug */ = {
			isa = XCBuildConfiguration;
			buildSettings = {
				ASSETCATALOG_COMPILER_APPICON_NAME = AppIcon;
				CODE_SIGN_IDENTITY = "iPhone Developer";
				"CODE_SIGN_IDENTITY[sdk=iphoneos*]" = "iPhone Developer";
				INFOPLIST_FILE = BDVore/Info.plist;
				LD_RUNPATH_SEARCH_PATHS = "$(inherited) @executable_path/Frameworks";
				PRODUCT_BUNDLE_IDENTIFIER = com.JuJuLab.BDVore;
				PRODUCT_NAME = BDVore;
				PROVISIONING_PROFILE = "";
			};
			name = Debug;
		};
		3FAB741C1CBC4DF3000DD5F5 /* Release */ = {
			isa = XCBuildConfiguration;
			buildSettings = {
				ASSETCATALOG_COMPILER_APPICON_NAME = AppIcon;
				CODE_SIGN_IDENTITY = "iPhone Developer";
				"CODE_SIGN_IDENTITY[sdk=iphoneos*]" = "iPhone Developer";
				INFOPLIST_FILE = BDVore/Info.plist;
				LD_RUNPATH_SEARCH_PATHS = "$(inherited) @executable_path/Frameworks";
				PRODUCT_BUNDLE_IDENTIFIER = com.JuJuLab.BDVore;
				PRODUCT_NAME = BDVore;
				PROVISIONING_PROFILE = "";
			};
			name = Release;
		};
		3FAB741E1CBC4DF3000DD5F5 /* Debug */ = {
			isa = XCBuildConfiguration;
			buildSettings = {
				BUNDLE_LOADER = "$(TEST_HOST)";
				INFOPLIST_FILE = BlogReaderTests/Info.plist;
				LD_RUNPATH_SEARCH_PATHS = "$(inherited) @executable_path/Frameworks @loader_path/Frameworks";
				PRODUCT_BUNDLE_IDENTIFIER = com.JuJuLab.BlogReaderTests;
				PRODUCT_NAME = BDVore;
				TEST_HOST = "$(BUILT_PRODUCTS_DIR)/BDVore.app/BDVore";
			};
			name = Debug;
		};
		3FAB741F1CBC4DF3000DD5F5 /* Release */ = {
			isa = XCBuildConfiguration;
			buildSettings = {
				BUNDLE_LOADER = "$(TEST_HOST)";
				INFOPLIST_FILE = BlogReaderTests/Info.plist;
				LD_RUNPATH_SEARCH_PATHS = "$(inherited) @executable_path/Frameworks @loader_path/Frameworks";
				PRODUCT_BUNDLE_IDENTIFIER = com.JuJuLab.BlogReaderTests;
				PRODUCT_NAME = BDVore;
				TEST_HOST = "$(BUILT_PRODUCTS_DIR)/BDVore.app/BDVore";
			};
			name = Release;
		};
		3FAB74211CBC4DF3000DD5F5 /* Debug */ = {
			isa = XCBuildConfiguration;
			buildSettings = {
				INFOPLIST_FILE = BlogReaderUITests/Info.plist;
				LD_RUNPATH_SEARCH_PATHS = "$(inherited) @executable_path/Frameworks @loader_path/Frameworks";
				PRODUCT_BUNDLE_IDENTIFIER = com.JuJuLab.BlogReaderUITests;
				PRODUCT_NAME = BDVore;
				TEST_TARGET_NAME = BlogReader;
			};
			name = Debug;
		};
		3FAB74221CBC4DF3000DD5F5 /* Release */ = {
			isa = XCBuildConfiguration;
			buildSettings = {
				INFOPLIST_FILE = BlogReaderUITests/Info.plist;
				LD_RUNPATH_SEARCH_PATHS = "$(inherited) @executable_path/Frameworks @loader_path/Frameworks";
				PRODUCT_BUNDLE_IDENTIFIER = com.JuJuLab.BlogReaderUITests;
				PRODUCT_NAME = BDVore;
				TEST_TARGET_NAME = BlogReader;
			};
			name = Release;
		};
/* End XCBuildConfiguration section */

/* Begin XCConfigurationList section */
		3FAB73EB1CBC4DF3000DD5F5 /* Build configuration list for PBXProject "BDVore" */ = {
			isa = XCConfigurationList;
			buildConfigurations = (
				3FAB74181CBC4DF3000DD5F5 /* Debug */,
				3FAB74191CBC4DF3000DD5F5 /* Release */,
			);
			defaultConfigurationIsVisible = 0;
			defaultConfigurationName = Release;
		};
		3FAB741A1CBC4DF3000DD5F5 /* Build configuration list for PBXNativeTarget "BDVore" */ = {
			isa = XCConfigurationList;
			buildConfigurations = (
				3FAB741B1CBC4DF3000DD5F5 /* Debug */,
				3FAB741C1CBC4DF3000DD5F5 /* Release */,
			);
			defaultConfigurationIsVisible = 0;
			defaultConfigurationName = Release;
		};
		3FAB741D1CBC4DF3000DD5F5 /* Build configuration list for PBXNativeTarget "BDVoreTests" */ = {
			isa = XCConfigurationList;
			buildConfigurations = (
				3FAB741E1CBC4DF3000DD5F5 /* Debug */,
				3FAB741F1CBC4DF3000DD5F5 /* Release */,
			);
			defaultConfigurationIsVisible = 0;
			defaultConfigurationName = Release;
		};
		3FAB74201CBC4DF3000DD5F5 /* Build configuration list for PBXNativeTarget "BDVoreUITests" */ = {
			isa = XCConfigurationList;
			buildConfigurations = (
				3FAB74211CBC4DF3000DD5F5 /* Debug */,
				3FAB74221CBC4DF3000DD5F5 /* Release */,
			);
			defaultConfigurationIsVisible = 0;
			defaultConfigurationName = Release;
		};
/* End XCConfigurationList section */
	};
	rootObject = 3FAB73E81CBC4DF3000DD5F5 /* Project object */;
}
